{
  "name": "project-ex03",
  "version": "1.0.0",
  "lockfileVersion": 1,
  "requires": true,
  "dependencies": {
    "douzone-busan-math": {
      "version": "1.0.0",
      "resolved": "https://registry.npmjs.org/douzone-busan-math/-/douzone-busan-math-1.0.0.tgz",
      "integrity": "sha512-ZGuWJ6ydxWKeZjkvnoBYTOcL2oCYMsY+jgoAGCui55UYFU1P7C7Z1dXTpeW2vWXAyQ2qhY12MxMSkt3qMZvBmQ=="
    },
    "wow1186-math": {
      "version": "1.0.0",
      "resolved": "https://registry.npmjs.org/wow1186-math/-/wow1186-math-1.0.0.tgz",
      "integrity": "sha512-H7so+M2liIz855wx/KPXF1NQncMLQY04ezcoMGlXIfmtL/Z0z0AdxDIRiZZlXrRiVAwqQUDzXf9dodHv042q/g=="
    }
  }
}
